
Microsoft Visual Studio Solution File, Format Version 12.00
# Visual Studio Version 16
VisualStudioVersion = 16.0.29920.165
MinimumVisualStudioVersion = 10.0.40219.1
Project("{9A19103F-16F7-4668-BE54-9A1E7A4F7556}") = "CacheMemory", "CacheMem\CacheMemory.csproj", "{E2A8423D-4D62-4603-B3A6-CC555DFECE77}"
EndProject
Project("{FAE04EC0-301F-11D3-BF4B-00C04F79EFBC}") = "Test", "Test\Test.csproj", "{5778DD15-7DEB-41CD-9192-A592BA90972F}"
EndProject
Global
	GlobalSection(SolutionConfigurationPlatforms) = preSolution
		Debug|Any CPU = Debug|Any CPU
		Release|Any CPU = Release|Any CPU
	EndGlobalSection
	GlobalSection(ProjectConfigurationPlatforms) = postSolution
		{E2A8423D-4D62-4603-B3A6-CC555DFECE77}.Debug|Any CPU.ActiveCfg = Debug|Any CPU
		{E2A8423D-4D62-4603-B3A6-CC555DFECE77}.Debug|Any CPU.Build.0 = Debug|Any CPU
		{E2A8423D-4D62-4603-B3A6-CC555DFECE77}.Release|Any CPU.ActiveCfg = Release|Any CPU
		{E2A8423D-4D62-4603-B3A6-CC555DFECE77}.Release|Any CPU.Build.0 = Release|Any CPU
		{5778DD15-7DEB-41CD-9192-A592BA90972F}.Debug|Any CPU.ActiveCfg = Debug|Any CPU
		{5778DD15-7DEB-41CD-9192-A592BA90972F}.Debug|Any CPU.Build.0 = Debug|Any CPU
		{5778DD15-7DEB-41CD-9192-A592BA90972F}.Release|Any CPU.ActiveCfg = Release|Any CPU
		{5778DD15-7DEB-41CD-9192-A592BA90972F}.Release|Any CPU.Build.0 = Release|Any CPU
	EndGlobalSection
	GlobalSection(SolutionProperties) = preSolution
		HideSolutionNode = FALSE
	EndGlobalSection
	GlobalSection(ExtensibilityGlobals) = postSolution
		SolutionGuid = {60A0A92F-117C-4AA9-BF00-B05B2ADA4F07}
	EndGlobalSection
EndGlobal
